// !$*UTF8*$!
{
	archiveVersion = 1;
	classes = {
	};
	objectVersion = 50;
	objects = {

/* Begin PBXBuildFile section */
		888D2E4120C9456900E32899 /* AppDelegate.swift in Sources */ = {isa = PBXBuildFile; fileRef = 888D2E4020C9456900E32899 /* AppDelegate.swift */; };
		888D2E4320C9456900E32899 /* ViewController.swift in Sources */ = {isa = PBXBuildFile; fileRef = 888D2E4220C9456900E32899 /* ViewController.swift */; };
		888D2E4620C9456900E32899 /* Main.storyboard in Resources */ = {isa = PBXBuildFile; fileRef = 888D2E4420C9456900E32899 /* Main.storyboard */; };
		888D2E4820C9456A00E32899 /* Assets.xcassets in Resources */ = {isa = PBXBuildFile; fileRef = 888D2E4720C9456A00E32899 /* Assets.xcassets */; };
		888D2E4B20C9456A00E32899 /* LaunchScreen.storyboard in Resources */ = {isa = PBXBuildFile; fileRef = 888D2E4920C9456A00E32899 /* LaunchScreen.storyboard */; };
		E16BA368204151DAFFE22C48 /* Pods_CaluculatorApp.framework in Frameworks */ = {isa = PBXBuildFile; fileRef = C86671048010288BFAC16B04 /* Pods_CaluculatorApp.framework */; };
/* End PBXBuildFile section */

/* Begin PBXFileReference section */
		07F93FC2CD21D7F8639F40EF /* Pods-CaluculatorApp.debug.xcconfig */ = {isa = PBXFileReference; includeInIndex = 1; lastKnownFileType = text.xcconfig; name = "Pods-CaluculatorApp.debug.xcconfig"; path = "Pods/Target Support Files/Pods-CaluculatorApp/Pods-CaluculatorApp.debug.xcconfig"; sourceTree = "<group>"; };
		888D2E3D20C9456900E32899 /* CaluculatorApp.app */ = {isa = PBXFileReference; explicitFileType = wrapper.application; includeInIndex = 0; path = CaluculatorApp.app; sourceTree = BUILT_PRODUCTS_DIR; };
		888D2E4020C9456900E32899 /* AppDelegate.swift */ = {isa = PBXFileReference; lastKnownFileType = sourcecode.swift; path = AppDelegate.swift; sourceTree = "<group>"; };
		888D2E4220C9456900E32899 /* ViewController.swift */ = {isa = PBXFileReference; lastKnownFileType = sourcecode.swift; path = ViewController.swift; sourceTree = "<group>"; };
		888D2E4520C9456900E32899 /* Base */ = {isa = PBXFileReference; lastKnownFileType = file.storyboard; name = Base; path = Base.lproj/Main.storyboard; sourceTree = "<group>"; };
		888D2E4720C9456A00E32899 /* Assets.xcassets */ = {isa = PBXFileReference; lastKnownFileType = folder.assetcatalog; path = Assets.xcassets; sourceTree = "<group>"; };
		888D2E4A20C9456A00E32899 /* Base */ = {isa = PBXFileReference; lastKnownFileType = file.storyboard; name = Base; path = Base.lproj/LaunchScreen.storyboard; sourceTree = "<group>"; };
		888D2E4C20C9456A00E32899 /* Info.plist */ = {isa = PBXFileReference; lastKnownFileType = text.plist.xml; path = Info.plist; sourceTree = "<group>"; };
		C256C7284C03A3DBC025FAC3 /* Pods-CaluculatorApp.release.xcconfig */ = {isa = PBXFileReference; includeInIndex = 1; lastKnownFileType = text.xcconfig; name = "Pods-CaluculatorApp.release.xcconfig"; path = "Pods/Target Support Files/Pods-CaluculatorApp/Pods-CaluculatorApp.release.xcconfig"; sourceTree = "<group>"; };
		C86671048010288BFAC16B04 /* Pods_CaluculatorApp.framework */ = {isa = PBXFileReference; explicitFileType = wrapper.framework; includeInIndex = 0; path = Pods_CaluculatorApp.framework; sourceTree = BUILT_PRODUCTS_DIR; };
/* End PBXFileReference section */

/* Begin PBXFrameworksBuildPhase section */
		888D2E3A20C9456900E32899 /* Frameworks */ = {
			isa = PBXFrameworksBuildPhase;
			buildActionMask = 2147483647;
			files = (
				E16BA368204151DAFFE22C48 /* Pods_CaluculatorApp.framework in Frameworks */,
			);
			runOnlyForDeploymentPostprocessing = 0;
		};
/* End PBXFrameworksBuildPhase section */

/* Begin PBXGroup section */
		4CC9FBEFE35B6B12FD65C44E /* Pods */ = {
			isa = PBXGroup;
			children = (
				07F93FC2CD21D7F8639F40EF /* Pods-CaluculatorApp.debug.xcconfig */,
				C256C7284C03A3DBC025FAC3 /* Pods-CaluculatorApp.release.xcconfig */,
			);
			name = Pods;
			sourceTree = "<group>";
		};
		888D2E3420C9456900E32899 = {
			isa = PBXGroup;
			children = (
				888D2E3F20C9456900E32899 /* CaluculatorApp */,
				888D2E3E20C9456900E32899 /* Products */,
				4CC9FBEFE35B6B12FD65C44E /* Pods */,
				DF4722EB99409E566F348FEB /* Frameworks */,
			);
			sourceTree = "<group>";
		};
		888D2E3E20C9456900E32899 /* Products */ = {
			isa = PBXGroup;
			children = (
				888D2E3D20C9456900E32899 /* CaluculatorApp.app */,
			);
			name = Products;
			sourceTree = "<group>";
		};
		888D2E3F20C9456900E32899 /* CaluculatorApp */ = {
			isa = PBXGroup;
			children = (
				888D2E4020C9456900E32899 /* AppDelegate.swift */,
				888D2E4220C9456900E32899 /* ViewController.swift */,
				888D2E4420C9456900E32899 /* Main.storyboard */,
				888D2E4720C9456A00E32899 /* Assets.xcassets */,
				888D2E4920C9456A00E32899 /* LaunchScreen.storyboard */,
				888D2E4C20C9456A00E32899 /* Info.plist */,
			);
			path = CaluculatorApp;
			sourceTree = "<group>";
		};
		DF4722EB99409E566F348FEB /* Frameworks */ = {
			isa = PBXGroup;
			children = (
				C86671048010288BFAC16B04 /* Pods_CaluculatorApp.framework */,
			);
			name = Frameworks;
			sourceTree = "<group>";
		};
/* End PBXGroup section */

/* Begin PBXNativeTarget section */
		888D2E3C20C9456900E32899 /* CaluculatorApp */ = {
			isa = PBXNativeTarget;
			buildConfigurationList = 888D2E4F20C9456A00E32899 /* Build configuration list for PBXNativeTarget "CaluculatorApp" */;
			buildPhases = (
				16740B912D30610D391C6233 /* [CP] Check Pods Manifest.lock */,
				888D2E3920C9456900E32899 /* Sources */,
				888D2E3A20C9456900E32899 /* Frameworks */,
				888D2E3B20C9456900E32899 /* Resources */,
				8B33222887B13FE2F7FEC9F9 /* [CP] Embed Pods Frameworks */,
			);
			buildRules = (
			);
			dependencies = (
			);
			name = CaluculatorApp;
			productName = CaluculatorApp;
			productReference = 888D2E3D20C9456900E32899 /* CaluculatorApp.app */;
			productType = "com.apple.product-type.application";
		};
/* End PBXNativeTarget section */

/* Begin PBXProject section */
		888D2E3520C9456900E32899 /* Project object */ = {
			isa = PBXProject;
			attributes = {
				LastSwiftUpdateCheck = 0940;
				LastUpgradeCheck = 0940;
				ORGANIZATIONNAME = SatoNae;
				TargetAttributes = {
					888D2E3C20C9456900E32899 = {
						CreatedOnToolsVersion = 9.4;
					};
				};
			};
			buildConfigurationList = 888D2E3820C9456900E32899 /* Build configuration list for PBXProject "CaluculatorApp" */;
			compatibilityVersion = "Xcode 9.3";
			developmentRegion = en;
			hasScannedForEncodings = 0;
			knownRegions = (
				en,
				Base,
			);
			mainGroup = 888D2E3420C9456900E32899;
			productRefGroup = 888D2E3E20C9456900E32899 /* Products */;
			projectDirPath = "";
			projectRoot = "";
			targets = (
				888D2E3C20C9456900E32899 /* CaluculatorApp */,
			);
		};
/* End PBXProject section */

/* Begin PBXResourcesBuildPhase section */
		888D2E3B20C9456900E32899 /* Resources */ = {
			isa = PBXResourcesBuildPhase;
			buildActionMask = 2147483647;
			files = (
				888D2E4B20C9456A00E32899 /* LaunchScreen.storyboard in Resources */,
				888D2E4820C9456A00E32899 /* Assets.xcassets in Resources */,
				888D2E4620C9456900E32899 /* Main.storyboard in Resources */,
			);
			runOnlyForDeploymentPostprocessing = 0;
		};
/* End PBXResourcesBuildPhase section */

/* Begin PBXShellScriptBuildPhase section */
		16740B912D30610D391C6233 /* [CP] Check Pods Manifest.lock */ = {
			isa = PBXShellScriptBuildPhase;
			buildActionMask = 2147483647;
			files = (
			);
			inputPaths = (
				"${PODS_PODFILE_DIR_PATH}/Podfile.lock",
				"${PODS_ROOT}/Manifest.lock",
			);
			name = "[CP] Check Pods Manifest.lock";
			outputPaths = (
				"$(DERIVED_FILE_DIR)/Pods-CaluculatorApp-checkManifestLockResult.txt",
			);
			runOnlyForDeploymentPostprocessing = 0;
			shellPath = /bin/sh;
			shellScript = "diff \"${PODS_PODFILE_DIR_PATH}/Podfile.lock\" \"${PODS_ROOT}/Manifest.lock\" > /dev/null\nif [ $? != 0 ] ; then\n    # print error to STDERR\n    echo \"error: The sandbox is not in sync with the Podfile.lock. Run 'pod install' or update your CocoaPods installation.\" >&2\n    exit 1\nfi\n# This output is used by Xcode 'outputs' to avoid re-running this script phase.\necho \"SUCCESS\" > \"${SCRIPT_OUTPUT_FILE_0}\"\n";
			showEnvVarsInLog = 0;
		};
		8B33222887B13FE2F7FEC9F9 /* [CP] Embed Pods Frameworks */ = {
			isa = PBXShellScriptBuildPhase;
			buildActionMask = 2147483647;
			files = (
			);
			inputPaths = (
				"${SRCROOT}/Pods/Target Support Files/Pods-CaluculatorApp/Pods-CaluculatorApp-frameworks.sh",
				"${BUILT_PRODUCTS_DIR}/Expression/Expression.framework",
			);
			name = "[CP] Embed Pods Frameworks";
			outputPaths = (
				"${TARGET_BUILD_DIR}/${FRAMEWORKS_FOLDER_PATH}/Expression.framework",
			);
			runOnlyForDeploymentPostprocessing = 0;
			shellPath = /bin/sh;
			shellScript = "\"${SRCROOT}/Pods/Target Support Files/Pods-CaluculatorApp/Pods-CaluculatorApp-frameworks.sh\"\n";
			showEnvVarsInLog = 0;
		};
/* End PBXShellScriptBuildPhase section */

/* Begin PBXSourcesBuildPhase section */
		888D2E3920C9456900E32899 /* Sources */ = {
			isa = PBXSourcesBuildPhase;
			buildActionMask = 2147483647;
			files = (
				888D2E4320C9456900E32899 /* ViewController.swift in Sources */,
				888D2E4120C9456900E32899 /* AppDelegate.swift in Sources */,
			);
			runOnlyForDeploymentPostprocessing = 0;
		};
/* End PBXSourcesBuildPhase section */

/* Begin PBXVariantGroup section */
		888D2E4420C9456900E32899 /* Main.storyboard */ = {
			isa = PBXVariantGroup;
			children = (
				888D2E4520C9456900E32899 /* Base */,
			);
			name = Main.storyboard;
			sourceTree = "<group>";
		};
		888D2E4920C9456A00E32899 /* LaunchScreen.storyboard */ = {
			isa = PBXVariantGroup;
			children = (
				888D2E4A20C9456A00E32899 /* Base */,
			);
			name = LaunchScreen.storyboard;
			sourceTree = "<group>";
		};
/* End PBXVariantGroup section */

/* Begin XCBuildConfiguration section */
		888D2E4D20C9456A00E32899 /* Debug */ = {
			isa = XCBuildConfiguration;
			buildSettings = {
				ALWAYS_SEARCH_USER_PATHS = NO;
				CLANG_ANALYZER_NONNULL = YES;
				CLANG_ANALYZER_NUMBER_OBJECT_CONVERSION = YES_AGGRESSIVE;
				CLANG_CXX_LANGUAGE_STANDARD = "gnu++14";
				CLANG_CXX_LIBRARY = "libc++";
				CLANG_ENABLE_MODULES = YES;
				CLANG_ENABLE_OBJC_ARC = YES;
				CLANG_ENABLE_OBJC_WEAK = YES;
				CLANG_WARN_BLOCK_CAPTURE_AUTORELEASING = YES;
				CLANG_WARN_BOOL_CONVERSION = YES;
				CLANG_WARN_COMMA = YES;
				CLANG_WARN_CONSTANT_CONVERSION = YES;
				CLANG_WARN_DEPRECATED_OBJC_IMPLEMENTATIONS = YES;
				CLANG_WARN_DIRECT_OBJC_ISA_USAGE = YES_ERROR;
				CLANG_WARN_DOCUMENTATION_COMMENTS = YES;
				CLANG_WARN_EMPTY_BODY = YES;
				CLANG_WARN_ENUM_CONVERSION = YES;
				CLANG_WARN_INFINITE_RECURSION = YES;
				CLANG_WARN_INT_CONVERSION = YES;
				CLANG_WARN_NON_LITERAL_NULL_CONVERSION = YES;
				CLANG_WARN_OBJC_IMPLICIT_RETAIN_SELF = YES;
				CLANG_WARN_OBJC_LITERAL_CONVERSION = YES;
				CLANG_WARN_OBJC_ROOT_CLASS = YES_ERROR;
				CLANG_WARN_RANGE_LOOP_ANALYSIS = YES;
				CLANG_WARN_STRICT_PROTOTYPES = YES;
				CLANG_WARN_SUSPICIOUS_MOVE = YES;
				CLANG_WARN_UNGUARDED_AVAILABILITY = YES_AGGRESSIVE;
				CLANG_WARN_UNREACHABLE_CODE = YES;
				CLANG_WARN__DUPLICATE_METHOD_MATCH = YES;
				CODE_SIGN_IDENTITY = "iPhone Developer";
				COPY_PHASE_STRIP = NO;
				DEBUG_INFORMATION_FORMAT = dwarf;
				ENABLE_STRICT_OBJC_MSGSEND = YES;
				ENABLE_TESTABILITY = YES;
				GCC_C_LANGUAGE_STANDARD = gnu11;
				GCC_DYNAMIC_NO_PIC = NO;
				GCC_NO_COMMON_BLOCKS = YES;
				GCC_OPTIMIZATION_LEVEL = 0;
				GCC_PREPROCESSOR_DEFINITIONS = (
					"DEBUG=1",
					"$(inherited)",
				);
				GCC_WARN_64_TO_32_BIT_CONVERSION = YES;
				GCC_WARN_ABOUT_RETURN_TYPE = YES_ERROR;
				GCC_WARN_UNDECLARED_SELECTOR = YES;
				GCC_WARN_UNINITIALIZED_AUTOS = YES_AGGRESSIVE;
				GCC_WARN_UNUSED_FUNCTION = YES;
				GCC_WARN_UNUSED_VARIABLE = YES;
				IPHONEOS_DEPLOYMENT_TARGET = 11.4;
				MTL_ENABLE_DEBUG_INFO = YES;
				ONLY_ACTIVE_ARCH = YES;
				SDKROOT = iphoneos;
				SWIFT_ACTIVE_COMPILATION_CONDITIONS = DEBUG;
				SWIFT_OPTIMIZATION_LEVEL = "-Onone";
			};
			name = Debug;
		};
		888D2E4E20C9456A00E32899 /* Release */ = {
			isa = XCBuildConfiguration;
			buildSettings = {
				ALWAYS_SEARCH_USER_PATHS = NO;
				CLANG_ANALYZER_NONNULL = YES;
				CLANG_ANALYZER_NUMBER_OBJECT_CONVERSION = YES_AGGRESSIVE;
				CLANG_CXX_LANGUAGE_STANDARD = "gnu++14";
				CLANG_CXX_LIBRARY = "libc++";
				CLANG_ENABLE_MODULES = YES;
				CLANG_ENABLE_OBJC_ARC = YES;
				CLANG_ENABLE_OBJC_WEAK = YES;
				CLANG_WARN_BLOCK_CAPTURE_AUTORELEASING = YES;
				CLANG_WARN_BOOL_CONVERSION = YES;
				CLANG_WARN_COMMA = YES;
				CLANG_WARN_CONSTANT_CONVERSION = YES;
				CLANG_WARN_DEPRECATED_OBJC_IMPLEMENTATIONS = YES;
				CLANG_WARN_DIRECT_OBJC_ISA_USAGE = YES_ERROR;
				CLANG_WARN_DOCUMENTATION_COMMENTS = YES;
				CLANG_WARN_EMPTY_BODY = YES;
				CLANG_WARN_ENUM_CONVERSION = YES;
				CLANG_WARN_INFINITE_RECURSION = YES;
				CLANG_WARN_INT_CONVERSION = YES;
				CLANG_WARN_NON_LITERAL_NULL_CONVERSION = YES;
				CLANG_WARN_OBJC_IMPLICIT_RETAIN_SELF = YES;
				CLANG_WARN_OBJC_LITERAL_CONVERSION = YES;
				CLANG_WARN_OBJC_ROOT_CLASS = YES_ERROR;
				CLANG_WARN_RANGE_LOOP_ANALYSIS = YES;
				CLANG_WARN_STRICT_PROTOTYPES = YES;
				CLANG_WARN_SUSPICIOUS_MOVE = YES;
				CLANG_WARN_UNGUARDED_AVAILABILITY = YES_AGGRESSIVE;
				CLANG_WARN_UNREACHABLE_CODE = YES;
				CLANG_WARN__DUPLICATE_METHOD_MATCH = YES;
				CODE_SIGN_IDENTITY = "iPhone Developer";
				COPY_PHASE_STRIP = NO;
				DEBUG_INFORMATION_FORMAT = "dwarf-with-dsym";
				ENABLE_NS_ASSERTIONS = NO;
				ENABLE_STRICT_OBJC_MSGSEND = YES;
				GCC_C_LANGUAGE_STANDARD = gnu11;
				GCC_NO_COMMON_BLOCKS = YES;
				GCC_WARN_64_TO_32_BIT_CONVERSION = YES;
				GCC_WARN_ABOUT_RETURN_TYPE = YES_ERROR;
				GCC_WARN_UNDECLARED_SELECTOR = YES;
				GCC_WARN_UNINITIALIZED_AUTOS = YES_AGGRESSIVE;
				GCC_WARN_UNUSED_FUNCTION = YES;
				GCC_WARN_UNUSED_VARIABLE = YES;
				IPHONEOS_DEPLOYMENT_TARGET = 11.4;
				MTL_ENABLE_DEBUG_INFO = NO;
				SDKROOT = iphoneos;
				SWIFT_COMPILATION_MODE = wholemodule;
				SWIFT_OPTIMIZATION_LEVEL = "-O";
				VALIDATE_PRODUCT = YES;
			};
			name = Release;
		};
		888D2E5020C9456A00E32899 /* Debug */ = {
			isa = XCBuildConfiguration;
			baseConfigurationReference = 07F93FC2CD21D7F8639F40EF /* Pods-CaluculatorApp.debug.xcconfig */;
			buildSettings = {
				ASSETCATALOG_COMPILER_APPICON_NAME = AppIcon;
				CODE_SIGN_STYLE = Automatic;
				INFOPLIST_FILE = CaluculatorApp/Info.plist;
				LD_RUNPATH_SEARCH_PATHS = (
					"$(inherited)",
					"@executable_path/Frameworks",
				);
				PRODUCT_BUNDLE_IDENTIFIER = NaeSato.CaluculatorApp;
				PRODUCT_NAME = "$(TARGET_NAME)";
				SWIFT_VERSION = 4.0;
				TARGETED_DEVICE_FAMILY = "1,2";
			};
			name = Debug;
		};
		888D2E5120C9456A00E32899 /* Release */ = {
			isa = XCBuildConfiguration;
			baseConfigurationReference = C256C7284C03A3DBC025FAC3 /* Pods-CaluculatorApp.release.xcconfig */;
			buildSettings = {
				ASSETCATALOG_COMPILER_APPICON_NAME = AppIcon;
				CODE_SIGN_STYLE = Automatic;
				INFOPLIST_FILE = CaluculatorApp/Info.plist;
				LD_RUNPATH_SEARCH_PATHS = (
					"$(inherited)",
					"@executable_path/Frameworks",
				);
				PRODUCT_BUNDLE_IDENTIFIER = NaeSato.CaluculatorApp;
				PRODUCT_NAME = "$(TARGET_NAME)";
				SWIFT_VERSION = 4.0;
				TARGETED_DEVICE_FAMILY = "1,2";
			};
			name = Release;
		};
/* End XCBuildConfiguration section */

/* Begin XCConfigurationList section */
		888D2E3820C9456900E32899 /* Build configuration list for PBXProject "CaluculatorApp" */ = {
			isa = XCConfigurationList;
			buildConfigurations = (
				888D2E4D20C9456A00E32899 /* Debug */,
				888D2E4E20C9456A00E32899 /* Release */,
			);
			defaultConfigurationIsVisible = 0;
			defaultConfigurationName = Release;
		};
		888D2E4F20C9456A00E32899 /* Build configuration list for PBXNativeTarget "CaluculatorApp" */ = {
			isa = XCConfigurationList;
			buildConfigurations = (
				888D2E5020C9456A00E32899 /* Debug */,
				888D2E5120C9456A00E32899 /* Release */,
			);
			defaultConfigurationIsVisible = 0;
			defaultConfigurationName = Release;
		};
/* End XCConfigurationList section */
	};
	rootObject = 888D2E3520C9456900E32899 /* Project object */;
}
